// !$*UTF8*$!
{
	archiveVersion = 1;
	classes = {
	};
	objectVersion = 50;
	objects = {

/* Begin PBXBuildFile section */
		DF0BF2C922DA1A0E00CBA56A /* AppDelegate.swift in Sources */ = {isa = PBXBuildFile; fileRef = DF0BF2C822DA1A0E00CBA56A /* AppDelegate.swift */; };
		DF0BF2CB22DA1A0E00CBA56A /* SceneDelegate.swift in Sources */ = {isa = PBXBuildFile; fileRef = DF0BF2CA22DA1A0E00CBA56A /* SceneDelegate.swift */; };
		DF0BF2CD22DA1A0E00CBA56A /* RecyclableList.swift in Sources */ = {isa = PBXBuildFile; fileRef = DF0BF2CC22DA1A0E00CBA56A /* RecyclableList.swift */; };
		DF0BF2CF22DA1A0F00CBA56A /* Assets.xcassets in Resources */ = {isa = PBXBuildFile; fileRef = DF0BF2CE22DA1A0F00CBA56A /* Assets.xcassets */; };
		DF0BF2D222DA1A0F00CBA56A /* Preview Assets.xcassets in Resources */ = {isa = PBXBuildFile; fileRef = DF0BF2D122DA1A0F00CBA56A /* Preview Assets.xcassets */; };
		DF0BF2D522DA1A0F00CBA56A /* LaunchScreen.storyboard in Resources */ = {isa = PBXBuildFile; fileRef = DF0BF2D322DA1A0F00CBA56A /* LaunchScreen.storyboard */; };
		DF0BF2E122DA1A3E00CBA56A /* RecyclableType.swift in Sources */ = {isa = PBXBuildFile; fileRef = DF0BF2DD22DA1A3D00CBA56A /* RecyclableType.swift */; };
		DF0BF2E222DA1A3E00CBA56A /* Recyclable.swift in Sources */ = {isa = PBXBuildFile; fileRef = DF0BF2DE22DA1A3D00CBA56A /* Recyclable.swift */; };
		DF0BF2E322DA1A3E00CBA56A /* Repo.swift in Sources */ = {isa = PBXBuildFile; fileRef = DF0BF2DF22DA1A3E00CBA56A /* Repo.swift */; };
		DF0BF2E622DA1BB900CBA56A /* RecyclableRow.swift in Sources */ = {isa = PBXBuildFile; fileRef = DF0BF2E522DA1BB900CBA56A /* RecyclableRow.swift */; };
		DF3797C122DA8E84005717FB /* ViewController.swift in Sources */ = {isa = PBXBuildFile; fileRef = DF3797BF22DA8E84005717FB /* ViewController.swift */; };
		DF3797C222DA8E84005717FB /* VisionViewController.swift in Sources */ = {isa = PBXBuildFile; fileRef = DF3797C022DA8E84005717FB /* VisionViewController.swift */; };
		DF3797C522DA8F57005717FB /* VisionView.swift in Sources */ = {isa = PBXBuildFile; fileRef = DF3797C422DA8F57005717FB /* VisionView.swift */; };
		DFABF41A22DB91F500E04EDE /* RecyclableClassifier.mlmodel in Sources */ = {isa = PBXBuildFile; fileRef = DFABF41922DB91F500E04EDE /* RecyclableClassifier.mlmodel */; };
		DFB5B58D2361DE9800C8A98F /* Interface.storyboard in Resources */ = {isa = PBXBuildFile; fileRef = DFB5B58B2361DE9800C8A98F /* Interface.storyboard */; };
		DFB5B58F2361DE9A00C8A98F /* Assets.xcassets in Resources */ = {isa = PBXBuildFile; fileRef = DFB5B58E2361DE9A00C8A98F /* Assets.xcassets */; };
		DFB5B5962361DE9B00C8A98F /* WatchApp Extension.appex in Embed App Extensions */ = {isa = PBXBuildFile; fileRef = DFB5B5952361DE9B00C8A98F /* WatchApp Extension.appex */; settings = {ATTRIBUTES = (RemoveHeadersOnCopy, ); }; };
		DFB5B59B2361DE9B00C8A98F /* ContentView.swift in Sources */ = {isa = PBXBuildFile; fileRef = DFB5B59A2361DE9B00C8A98F /* ContentView.swift */; };
		DFB5B59D2361DE9B00C8A98F /* HostingController.swift in Sources */ = {isa = PBXBuildFile; fileRef = DFB5B59C2361DE9B00C8A98F /* HostingController.swift */; };
		DFB5B59F2361DE9B00C8A98F /* ExtensionDelegate.swift in Sources */ = {isa = PBXBuildFile; fileRef = DFB5B59E2361DE9B00C8A98F /* ExtensionDelegate.swift */; };
		DFB5B5A12361DE9B00C8A98F /* Assets.xcassets in Resources */ = {isa = PBXBuildFile; fileRef = DFB5B5A02361DE9B00C8A98F /* Assets.xcassets */; };
		DFB5B5A42361DE9B00C8A98F /* Preview Assets.xcassets in Resources */ = {isa = PBXBuildFile; fileRef = DFB5B5A32361DE9B00C8A98F /* Preview Assets.xcassets */; };
		DFB5B5A82361DE9B00C8A98F /* WatchApp.app in Embed Watch Content */ = {isa = PBXBuildFile; fileRef = DFB5B5892361DE9800C8A98F /* WatchApp.app */; settings = {ATTRIBUTES = (RemoveHeadersOnCopy, ); }; };
		DFB5B5B22361DF0F00C8A98F /* RecyclableRow.swift in Sources */ = {isa = PBXBuildFile; fileRef = DF0BF2E522DA1BB900CBA56A /* RecyclableRow.swift */; };
		DFB5B5B32361DF0F00C8A98F /* Recyclable.swift in Sources */ = {isa = PBXBuildFile; fileRef = DF0BF2DE22DA1A3D00CBA56A /* Recyclable.swift */; };
		DFB5B5B42361DF0F00C8A98F /* RecyclableType.swift in Sources */ = {isa = PBXBuildFile; fileRef = DF0BF2DD22DA1A3D00CBA56A /* RecyclableType.swift */; };
		DFB5B5B52361DF0F00C8A98F /* Repo.swift in Sources */ = {isa = PBXBuildFile; fileRef = DF0BF2DF22DA1A3E00CBA56A /* Repo.swift */; };
		DFB5B5BE2361E79600C8A98F /* IntentHandler.swift in Sources */ = {isa = PBXBuildFile; fileRef = DFB5B5BD2361E79600C8A98F /* IntentHandler.swift */; };
		DFB5B5C72361E79600C8A98F /* IntentsUI.framework in Frameworks */ = {isa = PBXBuildFile; fileRef = DFB5B5C62361E79600C8A98F /* IntentsUI.framework */; };
		DFB5B5CA2361E79600C8A98F /* IntentViewController.swift in Sources */ = {isa = PBXBuildFile; fileRef = DFB5B5C92361E79600C8A98F /* IntentViewController.swift */; };
		DFB5B5CD2361E79600C8A98F /* MainInterface.storyboard in Resources */ = {isa = PBXBuildFile; fileRef = DFB5B5CB2361E79600C8A98F /* MainInterface.storyboard */; };
		DFB5B5D12361E79600C8A98F /* IntentUI.appex in Embed App Extensions */ = {isa = PBXBuildFile; fileRef = DFB5B5C42361E79600C8A98F /* IntentUI.appex */; settings = {ATTRIBUTES = (RemoveHeadersOnCopy, ); }; };
		DFB5B5D42361E79600C8A98F /* Intent.appex in Embed App Extensions */ = {isa = PBXBuildFile; fileRef = DFB5B5BB2361E79600C8A98F /* Intent.appex */; settings = {ATTRIBUTES = (RemoveHeadersOnCopy, ); }; };
		DFB5B5DD2361E7C600C8A98F /* Intents.intentdefinition in Sources */ = {isa = PBXBuildFile; fileRef = DFB5B5DC2361E7C600C8A98F /* Intents.intentdefinition */; };
		DFB5B5E22361ECC400C8A98F /* IsItRecyclableIntentHandler.swift in Sources */ = {isa = PBXBuildFile; fileRef = DFB5B5E12361ECC400C8A98F /* IsItRecyclableIntentHandler.swift */; };
		DFB5B5E32361ED0A00C8A98F /* Intents.intentdefinition in Sources */ = {isa = PBXBuildFile; fileRef = DFB5B5DC2361E7C600C8A98F /* Intents.intentdefinition */; };
		DFB5B5E52361EE8D00C8A98F /* RecyclableOracle.swift in Sources */ = {isa = PBXBuildFile; fileRef = DFB5B5E42361EE8D00C8A98F /* RecyclableOracle.swift */; };
		DFB5B5E62361EF0E00C8A98F /* RecyclableOracle.swift in Sources */ = {isa = PBXBuildFile; fileRef = DFB5B5E42361EE8D00C8A98F /* RecyclableOracle.swift */; };
		DFB5B5E72361F02900C8A98F /* Recyclable.swift in Sources */ = {isa = PBXBuildFile; fileRef = DF0BF2DE22DA1A3D00CBA56A /* Recyclable.swift */; };
		DFB5B5E82361F04200C8A98F /* Repo.swift in Sources */ = {isa = PBXBuildFile; fileRef = DF0BF2DF22DA1A3E00CBA56A /* Repo.swift */; };
		DFB5B5E92361F05300C8A98F /* RecyclableType.swift in Sources */ = {isa = PBXBuildFile; fileRef = DF0BF2DD22DA1A3D00CBA56A /* RecyclableType.swift */; };
		DFF2C28422DA7B2C00C32CC6 /* Tabs.swift in Sources */ = {isa = PBXBuildFile; fileRef = DFF2C28322DA7B2C00C32CC6 /* Tabs.swift */; };
/* End PBXBuildFile section */

/* Begin PBXContainerItemProxy section */
		DFB5B5972361DE9B00C8A98F /* PBXContainerItemProxy */ = {
			isa = PBXContainerItemProxy;
			containerPortal = DF0BF2BD22DA1A0E00CBA56A /* Project object */;
			proxyType = 1;
			remoteGlobalIDString = DFB5B5942361DE9B00C8A98F;
			remoteInfo = "WatchApp Extension";
		};
		DFB5B5A62361DE9B00C8A98F /* PBXContainerItemProxy */ = {
			isa = PBXContainerItemProxy;
			containerPortal = DF0BF2BD22DA1A0E00CBA56A /* Project object */;
			proxyType = 1;
			remoteGlobalIDString = DFB5B5882361DE9800C8A98F;
			remoteInfo = WatchApp;
		};
		DFB5B5CF2361E79600C8A98F /* PBXContainerItemProxy */ = {
			isa = PBXContainerItemProxy;
			containerPortal = DF0BF2BD22DA1A0E00CBA56A /* Project object */;
			proxyType = 1;
			remoteGlobalIDString = DFB5B5C32361E79600C8A98F;
			remoteInfo = IntentUI;
		};
		DFB5B5D22361E79600C8A98F /* PBXContainerItemProxy */ = {
			isa = PBXContainerItemProxy;
			containerPortal = DF0BF2BD22DA1A0E00CBA56A /* Project object */;
			proxyType = 1;
			remoteGlobalIDString = DFB5B5BA2361E79600C8A98F;
			remoteInfo = Intent;
		};
/* End PBXContainerItemProxy section */

/* Begin PBXCopyFilesBuildPhase section */
		DFB5B5A92361DE9B00C8A98F /* Embed Watch Content */ = {
			isa = PBXCopyFilesBuildPhase;
			buildActionMask = 2147483647;
			dstPath = "$(CONTENTS_FOLDER_PATH)/Watch";
			dstSubfolderSpec = 16;
			files = (
				DFB5B5A82361DE9B00C8A98F /* WatchApp.app in Embed Watch Content */,
			);
			name = "Embed Watch Content";
			runOnlyForDeploymentPostprocessing = 0;
		};
		DFB5B5AC2361DE9B00C8A98F /* Embed App Extensions */ = {
			isa = PBXCopyFilesBuildPhase;
			buildActionMask = 2147483647;
			dstPath = "";
			dstSubfolderSpec = 13;
			files = (
				DFB5B5962361DE9B00C8A98F /* WatchApp Extension.appex in Embed App Extensions */,
			);
			name = "Embed App Extensions";
			runOnlyForDeploymentPostprocessing = 0;
		};
		DFB5B5DB2361E79600C8A98F /* Embed App Extensions */ = {
			isa = PBXCopyFilesBuildPhase;
			buildActionMask = 2147483647;
			dstPath = "";
			dstSubfolderSpec = 13;
			files = (
				DFB5B5D42361E79600C8A98F /* Intent.appex in Embed App Extensions */,
				DFB5B5D12361E79600C8A98F /* IntentUI.appex in Embed App Extensions */,
			);
			name = "Embed App Extensions";
			runOnlyForDeploymentPostprocessing = 0;
		};
/* End PBXCopyFilesBuildPhase section */

/* Begin PBXFileReference section */
		DF0BF2C522DA1A0E00CBA56A /* RecycleMK.app */ = {isa = PBXFileReference; explicitFileType = wrapper.application; includeInIndex = 0; path = RecycleMK.app; sourceTree = BUILT_PRODUCTS_DIR; };
		DF0BF2C822DA1A0E00CBA56A /* AppDelegate.swift */ = {isa = PBXFileReference; lastKnownFileType = sourcecode.swift; path = AppDelegate.swift; sourceTree = "<group>"; };
		DF0BF2CA22DA1A0E00CBA56A /* SceneDelegate.swift */ = {isa = PBXFileReference; lastKnownFileType = sourcecode.swift; path = SceneDelegate.swift; sourceTree = "<group>"; };
		DF0BF2CC22DA1A0E00CBA56A /* RecyclableList.swift */ = {isa = PBXFileReference; lastKnownFileType = sourcecode.swift; path = RecyclableList.swift; sourceTree = "<group>"; };
		DF0BF2CE22DA1A0F00CBA56A /* Assets.xcassets */ = {isa = PBXFileReference; lastKnownFileType = folder.assetcatalog; path = Assets.xcassets; sourceTree = "<group>"; };
		DF0BF2D122DA1A0F00CBA56A /* Preview Assets.xcassets */ = {isa = PBXFileReference; lastKnownFileType = folder.assetcatalog; path = "Preview Assets.xcassets"; sourceTree = "<group>"; };
		DF0BF2D422DA1A0F00CBA56A /* Base */ = {isa = PBXFileReference; lastKnownFileType = file.storyboard; name = Base; path = Base.lproj/LaunchScreen.storyboard; sourceTree = "<group>"; };
		DF0BF2D622DA1A0F00CBA56A /* Info.plist */ = {isa = PBXFileReference; lastKnownFileType = text.plist.xml; path = Info.plist; sourceTree = "<group>"; };
		DF0BF2DD22DA1A3D00CBA56A /* RecyclableType.swift */ = {isa = PBXFileReference; fileEncoding = 4; lastKnownFileType = sourcecode.swift; path = RecyclableType.swift; sourceTree = "<group>"; };
		DF0BF2DE22DA1A3D00CBA56A /* Recyclable.swift */ = {isa = PBXFileReference; fileEncoding = 4; lastKnownFileType = sourcecode.swift; path = Recyclable.swift; sourceTree = "<group>"; };
		DF0BF2DF22DA1A3E00CBA56A /* Repo.swift */ = {isa = PBXFileReference; fileEncoding = 4; lastKnownFileType = sourcecode.swift; path = Repo.swift; sourceTree = "<group>"; };
		DF0BF2E522DA1BB900CBA56A /* RecyclableRow.swift */ = {isa = PBXFileReference; lastKnownFileType = sourcecode.swift; path = RecyclableRow.swift; sourceTree = "<group>"; };
		DF3797BF22DA8E84005717FB /* ViewController.swift */ = {isa = PBXFileReference; fileEncoding = 4; lastKnownFileType = sourcecode.swift; path = ViewController.swift; sourceTree = "<group>"; };
		DF3797C022DA8E84005717FB /* VisionViewController.swift */ = {isa = PBXFileReference; fileEncoding = 4; lastKnownFileType = sourcecode.swift; path = VisionViewController.swift; sourceTree = "<group>"; };
		DF3797C422DA8F57005717FB /* VisionView.swift */ = {isa = PBXFileReference; lastKnownFileType = sourcecode.swift; path = VisionView.swift; sourceTree = "<group>"; };
		DFABF41922DB91F500E04EDE /* RecyclableClassifier.mlmodel */ = {isa = PBXFileReference; lastKnownFileType = file.mlmodel; path = RecyclableClassifier.mlmodel; sourceTree = "<group>"; };
		DFB5B5892361DE9800C8A98F /* WatchApp.app */ = {isa = PBXFileReference; explicitFileType = wrapper.application; includeInIndex = 0; path = WatchApp.app; sourceTree = BUILT_PRODUCTS_DIR; };
		DFB5B58C2361DE9800C8A98F /* Base */ = {isa = PBXFileReference; lastKnownFileType = file.storyboard; name = Base; path = Base.lproj/Interface.storyboard; sourceTree = "<group>"; };
		DFB5B58E2361DE9A00C8A98F /* Assets.xcassets */ = {isa = PBXFileReference; lastKnownFileType = folder.assetcatalog; path = Assets.xcassets; sourceTree = "<group>"; };
		DFB5B5902361DE9B00C8A98F /* Info.plist */ = {isa = PBXFileReference; lastKnownFileType = text.plist.xml; path = Info.plist; sourceTree = "<group>"; };
		DFB5B5952361DE9B00C8A98F /* WatchApp Extension.appex */ = {isa = PBXFileReference; explicitFileType = "wrapper.app-extension"; includeInIndex = 0; path = "WatchApp Extension.appex"; sourceTree = BUILT_PRODUCTS_DIR; };
		DFB5B59A2361DE9B00C8A98F /* ContentView.swift */ = {isa = PBXFileReference; lastKnownFileType = sourcecode.swift; path = ContentView.swift; sourceTree = "<group>"; };
		DFB5B59C2361DE9B00C8A98F /* HostingController.swift */ = {isa = PBXFileReference; lastKnownFileType = sourcecode.swift; path = HostingController.swift; sourceTree = "<group>"; };
		DFB5B59E2361DE9B00C8A98F /* ExtensionDelegate.swift */ = {isa = PBXFileReference; lastKnownFileType = sourcecode.swift; path = ExtensionDelegate.swift; sourceTree = "<group>"; };
		DFB5B5A02361DE9B00C8A98F /* Assets.xcassets */ = {isa = PBXFileReference; lastKnownFileType = folder.assetcatalog; path = Assets.xcassets; sourceTree = "<group>"; };
		DFB5B5A32361DE9B00C8A98F /* Preview Assets.xcassets */ = {isa = PBXFileReference; lastKnownFileType = folder.assetcatalog; path = "Preview Assets.xcassets"; sourceTree = "<group>"; };
		DFB5B5A52361DE9B00C8A98F /* Info.plist */ = {isa = PBXFileReference; lastKnownFileType = text.plist.xml; path = Info.plist; sourceTree = "<group>"; };
		DFB5B5B62361E74E00C8A98F /* RecycleMK.entitlements */ = {isa = PBXFileReference; lastKnownFileType = text.plist.entitlements; path = RecycleMK.entitlements; sourceTree = "<group>"; };
		DFB5B5BB2361E79600C8A98F /* Intent.appex */ = {isa = PBXFileReference; explicitFileType = "wrapper.app-extension"; includeInIndex = 0; path = Intent.appex; sourceTree = BUILT_PRODUCTS_DIR; };
		DFB5B5BD2361E79600C8A98F /* IntentHandler.swift */ = {isa = PBXFileReference; lastKnownFileType = sourcecode.swift; path = IntentHandler.swift; sourceTree = "<group>"; };
		DFB5B5BF2361E79600C8A98F /* Info.plist */ = {isa = PBXFileReference; lastKnownFileType = text.plist.xml; path = Info.plist; sourceTree = "<group>"; };
		DFB5B5C42361E79600C8A98F /* IntentUI.appex */ = {isa = PBXFileReference; explicitFileType = "wrapper.app-extension"; includeInIndex = 0; path = IntentUI.appex; sourceTree = BUILT_PRODUCTS_DIR; };
		DFB5B5C62361E79600C8A98F /* IntentsUI.framework */ = {isa = PBXFileReference; lastKnownFileType = wrapper.framework; name = IntentsUI.framework; path = System/Library/Frameworks/IntentsUI.framework; sourceTree = SDKROOT; };
		DFB5B5C92361E79600C8A98F /* IntentViewController.swift */ = {isa = PBXFileReference; lastKnownFileType = sourcecode.swift; path = IntentViewController.swift; sourceTree = "<group>"; };
		DFB5B5CC2361E79600C8A98F /* Base */ = {isa = PBXFileReference; lastKnownFileType = file.storyboard; name = Base; path = Base.lproj/MainInterface.storyboard; sourceTree = "<group>"; };
		DFB5B5CE2361E79600C8A98F /* Info.plist */ = {isa = PBXFileReference; lastKnownFileType = text.plist.xml; path = Info.plist; sourceTree = "<group>"; };
		DFB5B5DC2361E7C600C8A98F /* Intents.intentdefinition */ = {isa = PBXFileReference; lastKnownFileType = file.intentdefinition; path = Intents.intentdefinition; sourceTree = "<group>"; };
		DFB5B5E12361ECC400C8A98F /* IsItRecyclableIntentHandler.swift */ = {isa = PBXFileReference; lastKnownFileType = sourcecode.swift; path = IsItRecyclableIntentHandler.swift; sourceTree = "<group>"; };
		DFB5B5E42361EE8D00C8A98F /* RecyclableOracle.swift */ = {isa = PBXFileReference; lastKnownFileType = sourcecode.swift; path = RecyclableOracle.swift; sourceTree = "<group>"; };
		DFF2C28322DA7B2C00C32CC6 /* Tabs.swift */ = {isa = PBXFileReference; lastKnownFileType = sourcecode.swift; path = Tabs.swift; sourceTree = "<group>"; };
/* End PBXFileReference section */

/* Begin PBXFrameworksBuildPhase section */
		DF0BF2C222DA1A0E00CBA56A /* Frameworks */ = {
			isa = PBXFrameworksBuildPhase;
			buildActionMask = 2147483647;
			files = (
			);
			runOnlyForDeploymentPostprocessing = 0;
		};
		DFB5B5922361DE9B00C8A98F /* Frameworks */ = {
			isa = PBXFrameworksBuildPhase;
			buildActionMask = 2147483647;
			files = (
			);
			runOnlyForDeploymentPostprocessing = 0;
		};
		DFB5B5B82361E79600C8A98F /* Frameworks */ = {
			isa = PBXFrameworksBuildPhase;
			buildActionMask = 2147483647;
			files = (
			);
			runOnlyForDeploymentPostprocessing = 0;
		};
		DFB5B5C12361E79600C8A98F /* Frameworks */ = {
			isa = PBXFrameworksBuildPhase;
			buildActionMask = 2147483647;
			files = (
				DFB5B5C72361E79600C8A98F /* IntentsUI.framework in Frameworks */,
			);
			runOnlyForDeploymentPostprocessing = 0;
		};
/* End PBXFrameworksBuildPhase section */

/* Begin PBXGroup section */
		DF0BF2BC22DA1A0E00CBA56A = {
			isa = PBXGroup;
			children = (
				DFB5B5DC2361E7C600C8A98F /* Intents.intentdefinition */,
				DF0BF2C722DA1A0E00CBA56A /* RecycleMK */,
				DFB5B58A2361DE9800C8A98F /* WatchApp */,
				DFB5B5992361DE9B00C8A98F /* WatchApp Extension */,
				DFB5B5BC2361E79600C8A98F /* Intent */,
				DFB5B5C82361E79600C8A98F /* IntentUI */,
				DFB5B5C52361E79600C8A98F /* Frameworks */,
				DF0BF2C622DA1A0E00CBA56A /* Products */,
			);
			sourceTree = "<group>";
		};
		DF0BF2C622DA1A0E00CBA56A /* Products */ = {
			isa = PBXGroup;
			children = (
				DF0BF2C522DA1A0E00CBA56A /* RecycleMK.app */,
				DFB5B5892361DE9800C8A98F /* WatchApp.app */,
				DFB5B5952361DE9B00C8A98F /* WatchApp Extension.appex */,
				DFB5B5BB2361E79600C8A98F /* Intent.appex */,
				DFB5B5C42361E79600C8A98F /* IntentUI.appex */,
			);
			name = Products;
			sourceTree = "<group>";
		};
		DF0BF2C722DA1A0E00CBA56A /* RecycleMK */ = {
			isa = PBXGroup;
			children = (
				DFB5B5B62361E74E00C8A98F /* RecycleMK.entitlements */,
				DF0BF2C822DA1A0E00CBA56A /* AppDelegate.swift */,
				DF0BF2CA22DA1A0E00CBA56A /* SceneDelegate.swift */,
				DFF2C28222DA78A800C32CC6 /* ML */,
				DF0BF2E822DA1BC200CBA56A /* Views */,
				DF0BF2E422DA1A4300CBA56A /* Models */,
				DF0BF2CE22DA1A0F00CBA56A /* Assets.xcassets */,
				DF0BF2D322DA1A0F00CBA56A /* LaunchScreen.storyboard */,
				DF0BF2D622DA1A0F00CBA56A /* Info.plist */,
				DF0BF2D022DA1A0F00CBA56A /* Preview Content */,
			);
			path = RecycleMK;
			sourceTree = "<group>";
		};
		DF0BF2D022DA1A0F00CBA56A /* Preview Content */ = {
			isa = PBXGroup;
			children = (
				DF0BF2D122DA1A0F00CBA56A /* Preview Assets.xcassets */,
			);
			path = "Preview Content";
			sourceTree = "<group>";
		};
		DF0BF2E422DA1A4300CBA56A /* Models */ = {
			isa = PBXGroup;
			children = (
				DF0BF2DE22DA1A3D00CBA56A /* Recyclable.swift */,
				DF0BF2DD22DA1A3D00CBA56A /* RecyclableType.swift */,
				DF0BF2DF22DA1A3E00CBA56A /* Repo.swift */,
				DFB5B5E42361EE8D00C8A98F /* RecyclableOracle.swift */,
			);
			path = Models;
			sourceTree = "<group>";
		};
		DF0BF2E722DA1BBE00CBA56A /* Rows */ = {
			isa = PBXGroup;
			children = (
				DF0BF2E522DA1BB900CBA56A /* RecyclableRow.swift */,
			);
			path = Rows;
			sourceTree = "<group>";
		};
		DF0BF2E822DA1BC200CBA56A /* Views */ = {
			isa = PBXGroup;
			children = (
				DFF2C28622DA7CFB00C32CC6 /* Navigation */,
				DFF2C28522DA7CE300C32CC6 /* Screens */,
				DF0BF2E722DA1BBE00CBA56A /* Rows */,
			);
			path = Views;
			sourceTree = "<group>";
		};
		DF3797C322DA8E89005717FB /* Vision */ = {
			isa = PBXGroup;
			children = (
				DF3797C422DA8F57005717FB /* VisionView.swift */,
				DF3797BF22DA8E84005717FB /* ViewController.swift */,
				DF3797C022DA8E84005717FB /* VisionViewController.swift */,
			);
			path = Vision;
			sourceTree = "<group>";
		};
		DFB5B58A2361DE9800C8A98F /* WatchApp */ = {
			isa = PBXGroup;
			children = (
				DFB5B58B2361DE9800C8A98F /* Interface.storyboard */,
				DFB5B58E2361DE9A00C8A98F /* Assets.xcassets */,
				DFB5B5902361DE9B00C8A98F /* Info.plist */,
			);
			path = WatchApp;
			sourceTree = "<group>";
		};
		DFB5B5992361DE9B00C8A98F /* WatchApp Extension */ = {
			isa = PBXGroup;
			children = (
				DFB5B59A2361DE9B00C8A98F /* ContentView.swift */,
				DFB5B59C2361DE9B00C8A98F /* HostingController.swift */,
				DFB5B59E2361DE9B00C8A98F /* ExtensionDelegate.swift */,
				DFB5B5A02361DE9B00C8A98F /* Assets.xcassets */,
				DFB5B5A52361DE9B00C8A98F /* Info.plist */,
				DFB5B5A22361DE9B00C8A98F /* Preview Content */,
			);
			path = "WatchApp Extension";
			sourceTree = "<group>";
		};
		DFB5B5A22361DE9B00C8A98F /* Preview Content */ = {
			isa = PBXGroup;
			children = (
				DFB5B5A32361DE9B00C8A98F /* Preview Assets.xcassets */,
			);
			path = "Preview Content";
			sourceTree = "<group>";
		};
		DFB5B5BC2361E79600C8A98F /* Intent */ = {
			isa = PBXGroup;
			children = (
				DFB5B5BD2361E79600C8A98F /* IntentHandler.swift */,
				DFB5B5E12361ECC400C8A98F /* IsItRecyclableIntentHandler.swift */,
				DFB5B5BF2361E79600C8A98F /* Info.plist */,
			);
			path = Intent;
			sourceTree = "<group>";
		};
		DFB5B5C52361E79600C8A98F /* Frameworks */ = {
			isa = PBXGroup;
			children = (
				DFB5B5C62361E79600C8A98F /* IntentsUI.framework */,
			);
			name = Frameworks;
			sourceTree = "<group>";
		};
		DFB5B5C82361E79600C8A98F /* IntentUI */ = {
			isa = PBXGroup;
			children = (
				DFB5B5C92361E79600C8A98F /* IntentViewController.swift */,
				DFB5B5CB2361E79600C8A98F /* MainInterface.storyboard */,
				DFB5B5CE2361E79600C8A98F /* Info.plist */,
			);
			path = IntentUI;
			sourceTree = "<group>";
		};
		DFF2C28222DA78A800C32CC6 /* ML */ = {
			isa = PBXGroup;
			children = (
				DFABF41922DB91F500E04EDE /* RecyclableClassifier.mlmodel */,
			);
			path = ML;
			sourceTree = "<group>";
		};
		DFF2C28522DA7CE300C32CC6 /* Screens */ = {
			isa = PBXGroup;
			children = (
				DF3797C322DA8E89005717FB /* Vision */,
				DF0BF2CC22DA1A0E00CBA56A /* RecyclableList.swift */,
			);
			path = Screens;
			sourceTree = "<group>";
		};
		DFF2C28622DA7CFB00C32CC6 /* Navigation */ = {
			isa = PBXGroup;
			children = (
				DFF2C28322DA7B2C00C32CC6 /* Tabs.swift */,
			);
			path = Navigation;
			sourceTree = "<group>";
		};
/* End PBXGroup section */

/* Begin PBXNativeTarget section */
		DF0BF2C422DA1A0E00CBA56A /* RecycleMK */ = {
			isa = PBXNativeTarget;
			buildConfigurationList = DF0BF2D922DA1A0F00CBA56A /* Build configuration list for PBXNativeTarget "RecycleMK" */;
			buildPhases = (
				DF0BF2C122DA1A0E00CBA56A /* Sources */,
				DF0BF2C222DA1A0E00CBA56A /* Frameworks */,
				DF0BF2C322DA1A0E00CBA56A /* Resources */,
				DFB5B5A92361DE9B00C8A98F /* Embed Watch Content */,
				DFB5B5DB2361E79600C8A98F /* Embed App Extensions */,
			);
			buildRules = (
			);
			dependencies = (
				DFB5B5A72361DE9B00C8A98F /* PBXTargetDependency */,
				DFB5B5D02361E79600C8A98F /* PBXTargetDependency */,
				DFB5B5D32361E79600C8A98F /* PBXTargetDependency */,
			);
			name = RecycleMK;
			productName = RecycleMK;
			productReference = DF0BF2C522DA1A0E00CBA56A /* RecycleMK.app */;
			productType = "com.apple.product-type.application";
		};
		DFB5B5882361DE9800C8A98F /* WatchApp */ = {
			isa = PBXNativeTarget;
			buildConfigurationList = DFB5B5B02361DE9B00C8A98F /* Build configuration list for PBXNativeTarget "WatchApp" */;
			buildPhases = (
				DFB5B5872361DE9800C8A98F /* Resources */,
				DFB5B5AC2361DE9B00C8A98F /* Embed App Extensions */,
			);
			buildRules = (
			);
			dependencies = (
				DFB5B5982361DE9B00C8A98F /* PBXTargetDependency */,
			);
			name = WatchApp;
			productName = WatchApp;
			productReference = DFB5B5892361DE9800C8A98F /* WatchApp.app */;
			productType = "com.apple.product-type.application.watchapp2";
		};
		DFB5B5942361DE9B00C8A98F /* WatchApp Extension */ = {
			isa = PBXNativeTarget;
			buildConfigurationList = DFB5B5AF2361DE9B00C8A98F /* Build configuration list for PBXNativeTarget "WatchApp Extension" */;
			buildPhases = (
				DFB5B5912361DE9B00C8A98F /* Sources */,
				DFB5B5922361DE9B00C8A98F /* Frameworks */,
				DFB5B5932361DE9B00C8A98F /* Resources */,
			);
			buildRules = (
			);
			dependencies = (
			);
			name = "WatchApp Extension";
			productName = "WatchApp Extension";
			productReference = DFB5B5952361DE9B00C8A98F /* WatchApp Extension.appex */;
			productType = "com.apple.product-type.watchkit2-extension";
		};
		DFB5B5BA2361E79600C8A98F /* Intent */ = {
			isa = PBXNativeTarget;
			buildConfigurationList = DFB5B5D82361E79600C8A98F /* Build configuration list for PBXNativeTarget "Intent" */;
			buildPhases = (
				DFB5B5B72361E79600C8A98F /* Sources */,
				DFB5B5B82361E79600C8A98F /* Frameworks */,
				DFB5B5B92361E79600C8A98F /* Resources */,
			);
			buildRules = (
			);
			dependencies = (
			);
			name = Intent;
			productName = Intent;
			productReference = DFB5B5BB2361E79600C8A98F /* Intent.appex */;
			productType = "com.apple.product-type.app-extension";
		};
		DFB5B5C32361E79600C8A98F /* IntentUI */ = {
			isa = PBXNativeTarget;
			buildConfigurationList = DFB5B5D52361E79600C8A98F /* Build configuration list for PBXNativeTarget "IntentUI" */;
			buildPhases = (
				DFB5B5C02361E79600C8A98F /* Sources */,
				DFB5B5C12361E79600C8A98F /* Frameworks */,
				DFB5B5C22361E79600C8A98F /* Resources */,
			);
			buildRules = (
			);
			dependencies = (
			);
			name = IntentUI;
			productName = IntentUI;
			productReference = DFB5B5C42361E79600C8A98F /* IntentUI.appex */;
			productType = "com.apple.product-type.app-extension";
		};
/* End PBXNativeTarget section */

/* Begin PBXProject section */
		DF0BF2BD22DA1A0E00CBA56A /* Project object */ = {
			isa = PBXProject;
			attributes = {
				LastSwiftUpdateCheck = 1110;
				LastUpgradeCheck = 1100;
				ORGANIZATIONNAME = "John Yorke";
				TargetAttributes = {
					DF0BF2C422DA1A0E00CBA56A = {
						CreatedOnToolsVersion = 11.0;
					};
					DFB5B5882361DE9800C8A98F = {
						CreatedOnToolsVersion = 11.1;
					};
					DFB5B5942361DE9B00C8A98F = {
						CreatedOnToolsVersion = 11.1;
					};
					DFB5B5BA2361E79600C8A98F = {
						CreatedOnToolsVersion = 11.1;
					};
					DFB5B5C32361E79600C8A98F = {
						CreatedOnToolsVersion = 11.1;
					};
				};
			};
			buildConfigurationList = DF0BF2C022DA1A0E00CBA56A /* Build configuration list for PBXProject "RecycleMK" */;
			compatibilityVersion = "Xcode 9.3";
			developmentRegion = en;
			hasScannedForEncodings = 0;
			knownRegions = (
				en,
				Base,
			);
			mainGroup = DF0BF2BC22DA1A0E00CBA56A;
			productRefGroup = DF0BF2C622DA1A0E00CBA56A /* Products */;
			projectDirPath = "";
			projectRoot = "";
			targets = (
				DF0BF2C422DA1A0E00CBA56A /* RecycleMK */,
				DFB5B5882361DE9800C8A98F /* WatchApp */,
				DFB5B5942361DE9B00C8A98F /* WatchApp Extension */,
				DFB5B5BA2361E79600C8A98F /* Intent */,
				DFB5B5C32361E79600C8A98F /* IntentUI */,
			);
		};
/* End PBXProject section */

/* Begin PBXResourcesBuildPhase section */
		DF0BF2C322DA1A0E00CBA56A /* Resources */ = {
			isa = PBXResourcesBuildPhase;
			buildActionMask = 2147483647;
			files = (
				DF0BF2D522DA1A0F00CBA56A /* LaunchScreen.storyboard in Resources */,
				DF0BF2D222DA1A0F00CBA56A /* Preview Assets.xcassets in Resources */,
				DF0BF2CF22DA1A0F00CBA56A /* Assets.xcassets in Resources */,
			);
			runOnlyForDeploymentPostprocessing = 0;
		};
		DFB5B5872361DE9800C8A98F /* Resources */ = {
			isa = PBXResourcesBuildPhase;
			buildActionMask = 2147483647;
			files = (
				DFB5B58F2361DE9A00C8A98F /* Assets.xcassets in Resources */,
				DFB5B58D2361DE9800C8A98F /* Interface.storyboard in Resources */,
			);
			runOnlyForDeploymentPostprocessing = 0;
		};
		DFB5B5932361DE9B00C8A98F /* Resources */ = {
			isa = PBXResourcesBuildPhase;
			buildActionMask = 2147483647;
			files = (
				DFB5B5A42361DE9B00C8A98F /* Preview Assets.xcassets in Resources */,
				DFB5B5A12361DE9B00C8A98F /* Assets.xcassets in Resources */,
			);
			runOnlyForDeploymentPostprocessing = 0;
		};
		DFB5B5B92361E79600C8A98F /* Resources */ = {
			isa = PBXResourcesBuildPhase;
			buildActionMask = 2147483647;
			files = (
			);
			runOnlyForDeploymentPostprocessing = 0;
		};
		DFB5B5C22361E79600C8A98F /* Resources */ = {
			isa = PBXResourcesBuildPhase;
			buildActionMask = 2147483647;
			files = (
				DFB5B5CD2361E79600C8A98F /* MainInterface.storyboard in Resources */,
			);
			runOnlyForDeploymentPostprocessing = 0;
		};
/* End PBXResourcesBuildPhase section */

/* Begin PBXSourcesBuildPhase section */
		DF0BF2C122DA1A0E00CBA56A /* Sources */ = {
			isa = PBXSourcesBuildPhase;
			buildActionMask = 2147483647;
			files = (
				DF3797C122DA8E84005717FB /* ViewController.swift in Sources */,
				DFB5B5E52361EE8D00C8A98F /* RecyclableOracle.swift in Sources */,
				DF0BF2E322DA1A3E00CBA56A /* Repo.swift in Sources */,
				DF3797C222DA8E84005717FB /* VisionViewController.swift in Sources */,
				DF0BF2C922DA1A0E00CBA56A /* AppDelegate.swift in Sources */,
				DF0BF2E222DA1A3E00CBA56A /* Recyclable.swift in Sources */,
				DF0BF2E122DA1A3E00CBA56A /* RecyclableType.swift in Sources */,
				DF3797C522DA8F57005717FB /* VisionView.swift in Sources */,
				DF0BF2E622DA1BB900CBA56A /* RecyclableRow.swift in Sources */,
				DFF2C28422DA7B2C00C32CC6 /* Tabs.swift in Sources */,
				DF0BF2CB22DA1A0E00CBA56A /* SceneDelegate.swift in Sources */,
				DF0BF2CD22DA1A0E00CBA56A /* RecyclableList.swift in Sources */,
				DFB5B5DD2361E7C600C8A98F /* Intents.intentdefinition in Sources */,
				DFABF41A22DB91F500E04EDE /* RecyclableClassifier.mlmodel in Sources */,
			);
			runOnlyForDeploymentPostprocessing = 0;
		};
		DFB5B5912361DE9B00C8A98F /* Sources */ = {
			isa = PBXSourcesBuildPhase;
			buildActionMask = 2147483647;
			files = (
				DFB5B59D2361DE9B00C8A98F /* HostingController.swift in Sources */,
				DFB5B5B32361DF0F00C8A98F /* Recyclable.swift in Sources */,
				DFB5B5B42361DF0F00C8A98F /* RecyclableType.swift in Sources */,
				DFB5B5B52361DF0F00C8A98F /* Repo.swift in Sources */,
				DFB5B5B22361DF0F00C8A98F /* RecyclableRow.swift in Sources */,
				DFB5B59B2361DE9B00C8A98F /* ContentView.swift in Sources */,
				DFB5B59F2361DE9B00C8A98F /* ExtensionDelegate.swift in Sources */,
			);
			runOnlyForDeploymentPostprocessing = 0;
		};
		DFB5B5B72361E79600C8A98F /* Sources */ = {
			isa = PBXSourcesBuildPhase;
			buildActionMask = 2147483647;
			files = (
				DFB5B5E32361ED0A00C8A98F /* Intents.intentdefinition in Sources */,
				DFB5B5E62361EF0E00C8A98F /* RecyclableOracle.swift in Sources */,
				DFB5B5E92361F05300C8A98F /* RecyclableType.swift in Sources */,
				DFB5B5E22361ECC400C8A98F /* IsItRecyclableIntentHandler.swift in Sources */,
				DFB5B5E82361F04200C8A98F /* Repo.swift in Sources */,
				DFB5B5E72361F02900C8A98F /* Recyclable.swift in Sources */,
				DFB5B5BE2361E79600C8A98F /* IntentHandler.swift in Sources */,
			);
			runOnlyForDeploymentPostprocessing = 0;
		};
		DFB5B5C02361E79600C8A98F /* Sources */ = {
			isa = PBXSourcesBuildPhase;
			buildActionMask = 2147483647;
			files = (
				DFB5B5CA2361E79600C8A98F /* IntentViewController.swift in Sources */,
			);
			runOnlyForDeploymentPostprocessing = 0;
		};
/* End PBXSourcesBuildPhase section */

/* Begin PBXTargetDependency section */
		DFB5B5982361DE9B00C8A98F /* PBXTargetDependency */ = {
			isa = PBXTargetDependency;
			target = DFB5B5942361DE9B00C8A98F /* WatchApp Extension */;
			targetProxy = DFB5B5972361DE9B00C8A98F /* PBXContainerItemProxy */;
		};
		DFB5B5A72361DE9B00C8A98F /* PBXTargetDependency */ = {
			isa = PBXTargetDependency;
			target = DFB5B5882361DE9800C8A98F /* WatchApp */;
			targetProxy = DFB5B5A62361DE9B00C8A98F /* PBXContainerItemProxy */;
		};
		DFB5B5D02361E79600C8A98F /* PBXTargetDependency */ = {
			isa = PBXTargetDependency;
			target = DFB5B5C32361E79600C8A98F /* IntentUI */;
			targetProxy = DFB5B5CF2361E79600C8A98F /* PBXContainerItemProxy */;
		};
		DFB5B5D32361E79600C8A98F /* PBXTargetDependency */ = {
			isa = PBXTargetDependency;
			target = DFB5B5BA2361E79600C8A98F /* Intent */;
			targetProxy = DFB5B5D22361E79600C8A98F /* PBXContainerItemProxy */;
		};
/* End PBXTargetDependency section */

/* Begin PBXVariantGroup section */
		DF0BF2D322DA1A0F00CBA56A /* LaunchScreen.storyboard */ = {
			isa = PBXVariantGroup;
			children = (
				DF0BF2D422DA1A0F00CBA56A /* Base */,
			);
			name = LaunchScreen.storyboard;
			sourceTree = "<group>";
		};
		DFB5B58B2361DE9800C8A98F /* Interface.storyboard */ = {
			isa = PBXVariantGroup;
			children = (
				DFB5B58C2361DE9800C8A98F /* Base */,
			);
			name = Interface.storyboard;
			sourceTree = "<group>";
		};
		DFB5B5CB2361E79600C8A98F /* MainInterface.storyboard */ = {
			isa = PBXVariantGroup;
			children = (
				DFB5B5CC2361E79600C8A98F /* Base */,
			);
			name = MainInterface.storyboard;
			sourceTree = "<group>";
		};
/* End PBXVariantGroup section */

/* Begin XCBuildConfiguration section */
		DF0BF2D722DA1A0F00CBA56A /* Debug */ = {
			isa = XCBuildConfiguration;
			buildSettings = {
				ALWAYS_SEARCH_USER_PATHS = NO;
				CLANG_ANALYZER_NONNULL = YES;
				CLANG_ANALYZER_NUMBER_OBJECT_CONVERSION = YES_AGGRESSIVE;
				CLANG_CXX_LANGUAGE_STANDARD = "gnu++14";
				CLANG_CXX_LIBRARY = "libc++";
				CLANG_ENABLE_MODULES = YES;
				CLANG_ENABLE_OBJC_ARC = YES;
				CLANG_ENABLE_OBJC_WEAK = YES;
				CLANG_WARN_BLOCK_CAPTURE_AUTORELEASING = YES;
				CLANG_WARN_BOOL_CONVERSION = YES;
				CLANG_WARN_COMMA = YES;
				CLANG_WARN_CONSTANT_CONVERSION = YES;
				CLANG_WARN_DEPRECATED_OBJC_IMPLEMENTATIONS = YES;
				CLANG_WARN_DIRECT_OBJC_ISA_USAGE = YES_ERROR;
				CLANG_WARN_DOCUMENTATION_COMMENTS = YES;
				CLANG_WARN_EMPTY_BODY = YES;
				CLANG_WARN_ENUM_CONVERSION = YES;
				CLANG_WARN_INFINITE_RECURSION = YES;
				CLANG_WARN_INT_CONVERSION = YES;
				CLANG_WARN_NON_LITERAL_NULL_CONVERSION = YES;
				CLANG_WARN_OBJC_IMPLICIT_RETAIN_SELF = YES;
				CLANG_WARN_OBJC_LITERAL_CONVERSION = YES;
				CLANG_WARN_OBJC_ROOT_CLASS = YES_ERROR;
				CLANG_WARN_RANGE_LOOP_ANALYSIS = YES;
				CLANG_WARN_STRICT_PROTOTYPES = YES;
				CLANG_WARN_SUSPICIOUS_MOVE = YES;
				CLANG_WARN_UNGUARDED_AVAILABILITY = YES_AGGRESSIVE;
				CLANG_WARN_UNREACHABLE_CODE = YES;
				CLANG_WARN__DUPLICATE_METHOD_MATCH = YES;
				COPY_PHASE_STRIP = NO;
				DEBUG_INFORMATION_FORMAT = dwarf;
				ENABLE_STRICT_OBJC_MSGSEND = YES;
				ENABLE_TESTABILITY = YES;
				GCC_C_LANGUAGE_STANDARD = gnu11;
				GCC_DYNAMIC_NO_PIC = NO;
				GCC_NO_COMMON_BLOCKS = YES;
				GCC_OPTIMIZATION_LEVEL = 0;
				GCC_PREPROCESSOR_DEFINITIONS = (
					"DEBUG=1",
					"$(inherited)",
				);
				GCC_WARN_64_TO_32_BIT_CONVERSION = YES;
				GCC_WARN_ABOUT_RETURN_TYPE = YES_ERROR;
				GCC_WARN_UNDECLARED_SELECTOR = YES;
				GCC_WARN_UNINITIALIZED_AUTOS = YES_AGGRESSIVE;
				GCC_WARN_UNUSED_FUNCTION = YES;
				GCC_WARN_UNUSED_VARIABLE = YES;
				IPHONEOS_DEPLOYMENT_TARGET = 13.0;
				MTL_ENABLE_DEBUG_INFO = INCLUDE_SOURCE;
				MTL_FAST_MATH = YES;
				ONLY_ACTIVE_ARCH = YES;
				SDKROOT = iphoneos;
				SWIFT_ACTIVE_COMPILATION_CONDITIONS = DEBUG;
				SWIFT_OPTIMIZATION_LEVEL = "-Onone";
			};
			name = Debug;
		};
		DF0BF2D822DA1A0F00CBA56A /* Release */ = {
			isa = XCBuildConfiguration;
			buildSettings = {
				ALWAYS_SEARCH_USER_PATHS = NO;
				CLANG_ANALYZER_NONNULL = YES;
				CLANG_ANALYZER_NUMBER_OBJECT_CONVERSION = YES_AGGRESSIVE;
				CLANG_CXX_LANGUAGE_STANDARD = "gnu++14";
				CLANG_CXX_LIBRARY = "libc++";
				CLANG_ENABLE_MODULES = YES;
				CLANG_ENABLE_OBJC_ARC = YES;
				CLANG_ENABLE_OBJC_WEAK = YES;
				CLANG_WARN_BLOCK_CAPTURE_AUTORELEASING = YES;
				CLANG_WARN_BOOL_CONVERSION = YES;
				CLANG_WARN_COMMA = YES;
				CLANG_WARN_CONSTANT_CONVERSION = YES;
				CLANG_WARN_DEPRECATED_OBJC_IMPLEMENTATIONS = YES;
				CLANG_WARN_DIRECT_OBJC_ISA_USAGE = YES_ERROR;
				CLANG_WARN_DOCUMENTATION_COMMENTS = YES;
				CLANG_WARN_EMPTY_BODY = YES;
				CLANG_WARN_ENUM_CONVERSION = YES;
				CLANG_WARN_INFINITE_RECURSION = YES;
				CLANG_WARN_INT_CONVERSION = YES;
				CLANG_WARN_NON_LITERAL_NULL_CONVERSION = YES;
				CLANG_WARN_OBJC_IMPLICIT_RETAIN_SELF = YES;
				CLANG_WARN_OBJC_LITERAL_CONVERSION = YES;
				CLANG_WARN_OBJC_ROOT_CLASS = YES_ERROR;
				CLANG_WARN_RANGE_LOOP_ANALYSIS = YES;
				CLANG_WARN_STRICT_PROTOTYPES = YES;
				CLANG_WARN_SUSPICIOUS_MOVE = YES;
				CLANG_WARN_UNGUARDED_AVAILABILITY = YES_AGGRESSIVE;
				CLANG_WARN_UNREACHABLE_CODE = YES;
				CLANG_WARN__DUPLICATE_METHOD_MATCH = YES;
				COPY_PHASE_STRIP = NO;
				DEBUG_INFORMATION_FORMAT = "dwarf-with-dsym";
				ENABLE_NS_ASSERTIONS = NO;
				ENABLE_STRICT_OBJC_MSGSEND = YES;
				GCC_C_LANGUAGE_STANDARD = gnu11;
				GCC_NO_COMMON_BLOCKS = YES;
				GCC_WARN_64_TO_32_BIT_CONVERSION = YES;
				GCC_WARN_ABOUT_RETURN_TYPE = YES_ERROR;
				GCC_WARN_UNDECLARED_SELECTOR = YES;
				GCC_WARN_UNINITIALIZED_AUTOS = YES_AGGRESSIVE;
				GCC_WARN_UNUSED_FUNCTION = YES;
				GCC_WARN_UNUSED_VARIABLE = YES;
				IPHONEOS_DEPLOYMENT_TARGET = 13.0;
				MTL_ENABLE_DEBUG_INFO = NO;
				MTL_FAST_MATH = YES;
				SDKROOT = iphoneos;
				SWIFT_COMPILATION_MODE = wholemodule;
				SWIFT_OPTIMIZATION_LEVEL = "-O";
				VALIDATE_PRODUCT = YES;
			};
			name = Release;
		};
		DF0BF2DA22DA1A0F00CBA56A /* Debug */ = {
			isa = XCBuildConfiguration;
			buildSettings = {
				ALWAYS_EMBED_SWIFT_STANDARD_LIBRARIES = YES;
				ASSETCATALOG_COMPILER_APPICON_NAME = AppIcon;
				CODE_SIGN_ENTITLEMENTS = RecycleMK/RecycleMK.entitlements;
				CODE_SIGN_STYLE = Automatic;
				DEVELOPMENT_ASSET_PATHS = "RecycleMK/Preview\\ Content";
				DEVELOPMENT_TEAM = ZKAN55X625;
				ENABLE_PREVIEWS = YES;
				INFOPLIST_FILE = RecycleMK/Info.plist;
				LD_RUNPATH_SEARCH_PATHS = (
					"$(inherited)",
					"@executable_path/Frameworks",
				);
				PRODUCT_BUNDLE_IDENTIFIER = com.johnyorke.RecycleMK;
				PRODUCT_NAME = "$(TARGET_NAME)";
				SWIFT_VERSION = 5.0;
				TARGETED_DEVICE_FAMILY = "1,2";
			};
			name = Debug;
		};
		DF0BF2DB22DA1A0F00CBA56A /* Release */ = {
			isa = XCBuildConfiguration;
			buildSettings = {
				ALWAYS_EMBED_SWIFT_STANDARD_LIBRARIES = YES;
				ASSETCATALOG_COMPILER_APPICON_NAME = AppIcon;
				CODE_SIGN_ENTITLEMENTS = RecycleMK/RecycleMK.entitlements;
				CODE_SIGN_STYLE = Automatic;
				DEVELOPMENT_ASSET_PATHS = "RecycleMK/Preview\\ Content";
				DEVELOPMENT_TEAM = ZKAN55X625;
				ENABLE_PREVIEWS = YES;
				INFOPLIST_FILE = RecycleMK/Info.plist;
				LD_RUNPATH_SEARCH_PATHS = (
					"$(inherited)",
					"@executable_path/Frameworks",
				);
				PRODUCT_BUNDLE_IDENTIFIER = com.johnyorke.RecycleMK;
				PRODUCT_NAME = "$(TARGET_NAME)";
				SWIFT_VERSION = 5.0;
				TARGETED_DEVICE_FAMILY = "1,2";
			};
			name = Release;
		};
		DFB5B5AA2361DE9B00C8A98F /* Debug */ = {
			isa = XCBuildConfiguration;
			buildSettings = {
				ALWAYS_EMBED_SWIFT_STANDARD_LIBRARIES = YES;
				ASSETCATALOG_COMPILER_APPICON_NAME = AppIcon;
				CODE_SIGN_STYLE = Automatic;
				DEVELOPMENT_TEAM = ZKAN55X625;
				IBSC_MODULE = WatchApp_Extension;
				INFOPLIST_FILE = WatchApp/Info.plist;
				PRODUCT_BUNDLE_IDENTIFIER = com.johnyorke.RecycleMK.watchkitapp;
				PRODUCT_NAME = "$(TARGET_NAME)";
				SDKROOT = watchos;
				SKIP_INSTALL = YES;
				SWIFT_VERSION = 5.0;
				TARGETED_DEVICE_FAMILY = 4;
				WATCHOS_DEPLOYMENT_TARGET = 6.0;
			};
			name = Debug;
		};
		DFB5B5AB2361DE9B00C8A98F /* Release */ = {
			isa = XCBuildConfiguration;
			buildSettings = {
				ALWAYS_EMBED_SWIFT_STANDARD_LIBRARIES = YES;
				ASSETCATALOG_COMPILER_APPICON_NAME = AppIcon;
				CODE_SIGN_STYLE = Automatic;
				DEVELOPMENT_TEAM = ZKAN55X625;
				IBSC_MODULE = WatchApp_Extension;
				INFOPLIST_FILE = WatchApp/Info.plist;
				PRODUCT_BUNDLE_IDENTIFIER = com.johnyorke.RecycleMK.watchkitapp;
				PRODUCT_NAME = "$(TARGET_NAME)";
				SDKROOT = watchos;
				SKIP_INSTALL = YES;
				SWIFT_VERSION = 5.0;
				TARGETED_DEVICE_FAMILY = 4;
				WATCHOS_DEPLOYMENT_TARGET = 6.0;
			};
			name = Release;
		};
		DFB5B5AD2361DE9B00C8A98F /* Debug */ = {
			isa = XCBuildConfiguration;
			buildSettings = {
				ASSETCATALOG_COMPILER_COMPLICATION_NAME = Complication;
				CODE_SIGN_STYLE = Automatic;
				DEVELOPMENT_ASSET_PATHS = "\"WatchApp Extension/Preview Content\"";
				DEVELOPMENT_TEAM = ZKAN55X625;
				ENABLE_PREVIEWS = YES;
				INFOPLIST_FILE = "WatchApp Extension/Info.plist";
				LD_RUNPATH_SEARCH_PATHS = (
					"$(inherited)",
					"@executable_path/Frameworks",
					"@executable_path/../../Frameworks",
				);
				PRODUCT_BUNDLE_IDENTIFIER = com.johnyorke.RecycleMK.watchkitapp.watchkitextension;
				PRODUCT_NAME = "${TARGET_NAME}";
				SDKROOT = watchos;
				SKIP_INSTALL = YES;
				SWIFT_VERSION = 5.0;
				TARGETED_DEVICE_FAMILY = 4;
				WATCHOS_DEPLOYMENT_TARGET = 6.0;
			};
			name = Debug;
		};
		DFB5B5AE2361DE9B00C8A98F /* Release */ = {
			isa = XCBuildConfiguration;
			buildSettings = {
				ASSETCATALOG_COMPILER_COMPLICATION_NAME = Complication;
				CODE_SIGN_STYLE = Automatic;
				DEVELOPMENT_ASSET_PATHS = "\"WatchApp Extension/Preview Content\"";
				DEVELOPMENT_TEAM = ZKAN55X625;
				ENABLE_PREVIEWS = YES;
				INFOPLIST_FILE = "WatchApp Extension/Info.plist";
				LD_RUNPATH_SEARCH_PATHS = (
					"$(inherited)",
					"@executable_path/Frameworks",
					"@executable_path/../../Frameworks",
				);
				PRODUCT_BUNDLE_IDENTIFIER = com.johnyorke.RecycleMK.watchkitapp.watchkitextension;
				PRODUCT_NAME = "${TARGET_NAME}";
				SDKROOT = watchos;
				SKIP_INSTALL = YES;
				SWIFT_VERSION = 5.0;
				TARGETED_DEVICE_FAMILY = 4;
				WATCHOS_DEPLOYMENT_TARGET = 6.0;
			};
			name = Release;
		};
		DFB5B5D62361E79600C8A98F /* Debug */ = {
			isa = XCBuildConfiguration;
			buildSettings = {
				CODE_SIGN_STYLE = Automatic;
				DEVELOPMENT_TEAM = ZKAN55X625;
				INFOPLIST_FILE = IntentUI/Info.plist;
				IPHONEOS_DEPLOYMENT_TARGET = 13.1;
				LD_RUNPATH_SEARCH_PATHS = (
					"$(inherited)",
					"@executable_path/Frameworks",
					"@executable_path/../../Frameworks",
				);
				PRODUCT_BUNDLE_IDENTIFIER = com.johnyorke.RecycleMK.IntentUI;
				PRODUCT_NAME = "$(TARGET_NAME)";
				SKIP_INSTALL = YES;
				SWIFT_VERSION = 5.0;
				TARGETED_DEVICE_FAMILY = "1,2";
			};
			name = Debug;
		};
		DFB5B5D72361E79600C8A98F /* Release */ = {
			isa = XCBuildConfiguration;
			buildSettings = {
				CODE_SIGN_STYLE = Automatic;
				DEVELOPMENT_TEAM = ZKAN55X625;
				INFOPLIST_FILE = IntentUI/Info.plist;
				IPHONEOS_DEPLOYMENT_TARGET = 13.1;
				LD_RUNPATH_SEARCH_PATHS = (
					"$(inherited)",
					"@executable_path/Frameworks",
					"@executable_path/../../Frameworks",
				);
				PRODUCT_BUNDLE_IDENTIFIER = com.johnyorke.RecycleMK.IntentUI;
				PRODUCT_NAME = "$(TARGET_NAME)";
				SKIP_INSTALL = YES;
				SWIFT_VERSION = 5.0;
				TARGETED_DEVICE_FAMILY = "1,2";
			};
			name = Release;
		};
		DFB5B5D92361E79600C8A98F /* Debug */ = {
			isa = XCBuildConfiguration;
			buildSettings = {
				CODE_SIGN_STYLE = Automatic;
				DEVELOPMENT_TEAM = ZKAN55X625;
				INFOPLIST_FILE = Intent/Info.plist;
				IPHONEOS_DEPLOYMENT_TARGET = 13.1;
				LD_RUNPATH_SEARCH_PATHS = (
					"$(inherited)",
					"@executable_path/Frameworks",
					"@executable_path/../../Frameworks",
				);
				PRODUCT_BUNDLE_IDENTIFIER = com.johnyorke.RecycleMK.Intent;
				PRODUCT_NAME = "$(TARGET_NAME)";
				SKIP_INSTALL = YES;
				SWIFT_VERSION = 5.0;
				TARGETED_DEVICE_FAMILY = "1,2";
			};
			name = Debug;
		};
		DFB5B5DA2361E79600C8A98F /* Release */ = {
			isa = XCBuildConfiguration;
			buildSettings = {
				CODE_SIGN_STYLE = Automatic;
				DEVELOPMENT_TEAM = ZKAN55X625;
				INFOPLIST_FILE = Intent/Info.plist;
				IPHONEOS_DEPLOYMENT_TARGET = 13.1;
				LD_RUNPATH_SEARCH_PATHS = (
					"$(inherited)",
					"@executable_path/Frameworks",
					"@executable_path/../../Frameworks",
				);
				PRODUCT_BUNDLE_IDENTIFIER = com.johnyorke.RecycleMK.Intent;
				PRODUCT_NAME = "$(TARGET_NAME)";
				SKIP_INSTALL = YES;
				SWIFT_VERSION = 5.0;
				TARGETED_DEVICE_FAMILY = "1,2";
			};
			name = Release;
		};
/* End XCBuildConfiguration section */

/* Begin XCConfigurationList section */
		DF0BF2C022DA1A0E00CBA56A /* Build configuration list for PBXProject "RecycleMK" */ = {
			isa = XCConfigurationList;
			buildConfigurations = (
				DF0BF2D722DA1A0F00CBA56A /* Debug */,
				DF0BF2D822DA1A0F00CBA56A /* Release */,
			);
			defaultConfigurationIsVisible = 0;
			defaultConfigurationName = Release;
		};
		DF0BF2D922DA1A0F00CBA56A /* Build configuration list for PBXNativeTarget "RecycleMK" */ = {
			isa = XCConfigurationList;
			buildConfigurations = (
				DF0BF2DA22DA1A0F00CBA56A /* Debug */,
				DF0BF2DB22DA1A0F00CBA56A /* Release */,
			);
			defaultConfigurationIsVisible = 0;
			defaultConfigurationName = Release;
		};
		DFB5B5AF2361DE9B00C8A98F /* Build configuration list for PBXNativeTarget "WatchApp Extension" */ = {
			isa = XCConfigurationList;
			buildConfigurations = (
				DFB5B5AD2361DE9B00C8A98F /* Debug */,
				DFB5B5AE2361DE9B00C8A98F /* Release */,
			);
			defaultConfigurationIsVisible = 0;
			defaultConfigurationName = Release;
		};
		DFB5B5B02361DE9B00C8A98F /* Build configuration list for PBXNativeTarget "WatchApp" */ = {
			isa = XCConfigurationList;
			buildConfigurations = (
				DFB5B5AA2361DE9B00C8A98F /* Debug */,
				DFB5B5AB2361DE9B00C8A98F /* Release */,
			);
			defaultConfigurationIsVisible = 0;
			defaultConfigurationName = Release;
		};
		DFB5B5D52361E79600C8A98F /* Build configuration list for PBXNativeTarget "IntentUI" */ = {
			isa = XCConfigurationList;
			buildConfigurations = (
				DFB5B5D62361E79600C8A98F /* Debug */,
				DFB5B5D72361E79600C8A98F /* Release */,
			);
			defaultConfigurationIsVisible = 0;
			defaultConfigurationName = Release;
		};
		DFB5B5D82361E79600C8A98F /* Build configuration list for PBXNativeTarget "Intent" */ = {
			isa = XCConfigurationList;
			buildConfigurations = (
				DFB5B5D92361E79600C8A98F /* Debug */,
				DFB5B5DA2361E79600C8A98F /* Release */,
			);
			defaultConfigurationIsVisible = 0;
			defaultConfigurationName = Release;
		};
/* End XCConfigurationList section */
	};
	rootObject = DF0BF2BD22DA1A0E00CBA56A /* Project object */;
}
